// !$*UTF8*$!
{
	archiveVersion = 1;
	classes = {
	};
	objectVersion = 48;
	objects = {

/* Begin PBXBuildFile section */
		72310D31205E332C00D7CE4F /* AppDelegate.swift in Sources */ = {isa = PBXBuildFile; fileRef = 72310D30205E332C00D7CE4F /* AppDelegate.swift */; };
		72310D33205E332C00D7CE4F /* ViewController.swift in Sources */ = {isa = PBXBuildFile; fileRef = 72310D32205E332C00D7CE4F /* ViewController.swift */; };
		72310D36205E332C00D7CE4F /* Main.storyboard in Resources */ = {isa = PBXBuildFile; fileRef = 72310D34205E332C00D7CE4F /* Main.storyboard */; };
		72310D38205E332C00D7CE4F /* Assets.xcassets in Resources */ = {isa = PBXBuildFile; fileRef = 72310D37205E332C00D7CE4F /* Assets.xcassets */; };
		72310D3B205E332C00D7CE4F /* LaunchScreen.storyboard in Resources */ = {isa = PBXBuildFile; fileRef = 72310D39205E332C00D7CE4F /* LaunchScreen.storyboard */; };
		72310D43205E337600D7CE4F /* Concentration.swift in Sources */ = {isa = PBXBuildFile; fileRef = 72310D42205E337600D7CE4F /* Concentration.swift */; };
		72310D45205E338500D7CE4F /* Card.swift in Sources */ = {isa = PBXBuildFile; fileRef = 72310D44205E338500D7CE4F /* Card.swift */; };
		725ED9FC205F694C0033173C /* ArrayExtension.swift in Sources */ = {isa = PBXBuildFile; fileRef = 725ED9FB205F694C0033173C /* ArrayExtension.swift */; };
/* End PBXBuildFile section */

/* Begin PBXFileReference section */
		72310D2D205E332C00D7CE4F /* Concentration.app */ = {isa = PBXFileReference; explicitFileType = wrapper.application; includeInIndex = 0; path = Concentration.app; sourceTree = BUILT_PRODUCTS_DIR; };
		72310D30205E332C00D7CE4F /* AppDelegate.swift */ = {isa = PBXFileReference; lastKnownFileType = sourcecode.swift; path = AppDelegate.swift; sourceTree = "<group>"; };
		72310D32205E332C00D7CE4F /* ViewController.swift */ = {isa = PBXFileReference; lastKnownFileType = sourcecode.swift; path = ViewController.swift; sourceTree = "<group>"; };
		72310D35205E332C00D7CE4F /* Base */ = {isa = PBXFileReference; lastKnownFileType = file.storyboard; name = Base; path = Base.lproj/Main.storyboard; sourceTree = "<group>"; };
		72310D37205E332C00D7CE4F /* Assets.xcassets */ = {isa = PBXFileReference; lastKnownFileType = folder.assetcatalog; path = Assets.xcassets; sourceTree = "<group>"; };
		72310D3A205E332C00D7CE4F /* Base */ = {isa = PBXFileReference; lastKnownFileType = file.storyboard; name = Base; path = Base.lproj/LaunchScreen.storyboard; sourceTree = "<group>"; };
		72310D3C205E332C00D7CE4F /* Info.plist */ = {isa = PBXFileReference; lastKnownFileType = text.plist.xml; path = Info.plist; sourceTree = "<group>"; };
		72310D42205E337600D7CE4F /* Concentration.swift */ = {isa = PBXFileReference; lastKnownFileType = sourcecode.swift; path = Concentration.swift; sourceTree = "<group>"; };
		72310D44205E338500D7CE4F /* Card.swift */ = {isa = PBXFileReference; lastKnownFileType = sourcecode.swift; path = Card.swift; sourceTree = "<group>"; };
		725ED9FB205F694C0033173C /* ArrayExtension.swift */ = {isa = PBXFileReference; lastKnownFileType = sourcecode.swift; path = ArrayExtension.swift; sourceTree = "<group>"; };
/* End PBXFileReference section */

/* Begin PBXFrameworksBuildPhase section */
		72310D2A205E332C00D7CE4F /* Frameworks */ = {
			isa = PBXFrameworksBuildPhase;
			buildActionMask = 2147483647;
			files = (
			);
			runOnlyForDeploymentPostprocessing = 0;
		};
/* End PBXFrameworksBuildPhase section */

/* Begin PBXGroup section */
		72310D24205E332C00D7CE4F = {
			isa = PBXGroup;
			children = (
				72310D2F205E332C00D7CE4F /* Concentration */,
				72310D2E205E332C00D7CE4F /* Products */,
			);
			sourceTree = "<group>";
		};
		72310D2E205E332C00D7CE4F /* Products */ = {
			isa = PBXGroup;
			children = (
				72310D2D205E332C00D7CE4F /* Concentration.app */,
			);
			name = Products;
			sourceTree = "<group>";
		};
		72310D2F205E332C00D7CE4F /* Concentration */ = {
			isa = PBXGroup;
			children = (
				72310D32205E332C00D7CE4F /* ViewController.swift */,
				725ED9FB205F694C0033173C /* ArrayExtension.swift */,
				72310D42205E337600D7CE4F /* Concentration.swift */,
				72310D44205E338500D7CE4F /* Card.swift */,
				72310D34205E332C00D7CE4F /* Main.storyboard */,
				72310D46205E37CE00D7CE4F /* Supporting Files */,
				72310D3C205E332C00D7CE4F /* Info.plist */,
			);
			path = Concentration;
			sourceTree = "<group>";
		};
		72310D46205E37CE00D7CE4F /* Supporting Files */ = {
			isa = PBXGroup;
			children = (
				72310D30205E332C00D7CE4F /* AppDelegate.swift */,
				72310D37205E332C00D7CE4F /* Assets.xcassets */,
				72310D39205E332C00D7CE4F /* LaunchScreen.storyboard */,
			);
			path = "Supporting Files";
			sourceTree = "<group>";
		};
/* End PBXGroup section */

/* Begin PBXNativeTarget section */
		72310D2C205E332C00D7CE4F /* Concentration */ = {
			isa = PBXNativeTarget;
			buildConfigurationList = 72310D3F205E332C00D7CE4F /* Build configuration list for PBXNativeTarget "Concentration" */;
			buildPhases = (
				72310D29205E332C00D7CE4F /* Sources */,
				72310D2A205E332C00D7CE4F /* Frameworks */,
				72310D2B205E332C00D7CE4F /* Resources */,
			);
			buildRules = (
			);
			dependencies = (
			);
			name = Concentration;
			productName = Concentration;
			productReference = 72310D2D205E332C00D7CE4F /* Concentration.app */;
			productType = "com.apple.product-type.application";
		};
/* End PBXNativeTarget section */

/* Begin PBXProject section */
		72310D25205E332C00D7CE4F /* Project object */ = {
			isa = PBXProject;
			attributes = {
				LastSwiftUpdateCheck = 0920;
				LastUpgradeCheck = 0920;
				ORGANIZATIONNAME = "Abhishesh Pradhan";
				TargetAttributes = {
					72310D2C205E332C00D7CE4F = {
						CreatedOnToolsVersion = 9.2;
						ProvisioningStyle = Automatic;
					};
				};
			};
			buildConfigurationList = 72310D28205E332C00D7CE4F /* Build configuration list for PBXProject "Concentration" */;
			compatibilityVersion = "Xcode 8.0";
			developmentRegion = en;
			hasScannedForEncodings = 0;
			knownRegions = (
				en,
				Base,
			);
			mainGroup = 72310D24205E332C00D7CE4F;
			productRefGroup = 72310D2E205E332C00D7CE4F /* Products */;
			projectDirPath = "";
			projectRoot = "";
			targets = (
				72310D2C205E332C00D7CE4F /* Concentration */,
			);
		};
/* End PBXProject section */

/* Begin PBXResourcesBuildPhase section */
		72310D2B205E332C00D7CE4F /* Resources */ = {
			isa = PBXResourcesBuildPhase;
			buildActionMask = 2147483647;
			files = (
				72310D3B205E332C00D7CE4F /* LaunchScreen.storyboard in Resources */,
				72310D38205E332C00D7CE4F /* Assets.xcassets in Resources */,
				72310D36205E332C00D7CE4F /* Main.storyboard in Resources */,
			);
			runOnlyForDeploymentPostprocessing = 0;
		};
/* End PBXResourcesBuildPhase section */

/* Begin PBXSourcesBuildPhase section */
		72310D29205E332C00D7CE4F /* Sources */ = {
			isa = PBXSourcesBuildPhase;
			buildActionMask = 2147483647;
			files = (
				725ED9FC205F694C0033173C /* ArrayExtension.swift in Sources */,
				72310D33205E332C00D7CE4F /* ViewController.swift in Sources */,
				72310D31205E332C00D7CE4F /* AppDelegate.swift in Sources */,
				72310D43205E337600D7CE4F /* Concentration.swift in Sources */,
				72310D45205E338500D7CE4F /* Card.swift in Sources */,
			);
			runOnlyForDeploymentPostprocessing = 0;
		};
/* End PBXSourcesBuildPhase section */

/* Begin PBXVariantGroup section */
		72310D34205E332C00D7CE4F /* Main.storyboard */ = {
			isa = PBXVariantGroup;
			children = (
				72310D35205E332C00D7CE4F /* Base */,
			);
			name = Main.storyboard;
			sourceTree = "<group>";
		};
		72310D39205E332C00D7CE4F /* LaunchScreen.storyboard */ = {
			isa = PBXVariantGroup;
			children = (
				72310D3A205E332C00D7CE4F /* Base */,
			);
			name = LaunchScreen.storyboard;
			sourceTree = "<group>";
		};
/* End PBXVariantGroup section */

/* Begin XCBuildConfiguration section */
		72310D3D205E332C00D7CE4F /* Debug */ = {
			isa = XCBuildConfiguration;
			buildSettings = {
				ALWAYS_SEARCH_USER_PATHS = NO;
				CLANG_ANALYZER_NONNULL = YES;
				CLANG_ANALYZER_NUMBER_OBJECT_CONVERSION = YES_AGGRESSIVE;
				CLANG_CXX_LANGUAGE_STANDARD = "gnu++14";
				CLANG_CXX_LIBRARY = "libc++";
				CLANG_ENABLE_MODULES = YES;
				CLANG_ENABLE_OBJC_ARC = YES;
				CLANG_WARN_BLOCK_CAPTURE_AUTORELEASING = YES;
				CLANG_WARN_BOOL_CONVERSION = YES;
				CLANG_WARN_COMMA = YES;
				CLANG_WARN_CONSTANT_CONVERSION = YES;
				CLANG_WARN_DIRECT_OBJC_ISA_USAGE = YES_ERROR;
				CLANG_WARN_DOCUMENTATION_COMMENTS = YES;
				CLANG_WARN_EMPTY_BODY = YES;
				CLANG_WARN_ENUM_CONVERSION = YES;
				CLANG_WARN_INFINITE_RECURSION = YES;
				CLANG_WARN_INT_CONVERSION = YES;
				CLANG_WARN_NON_LITERAL_NULL_CONVERSION = YES;
				CLANG_WARN_OBJC_LITERAL_CONVERSION = YES;
				CLANG_WARN_OBJC_ROOT_CLASS = YES_ERROR;
				CLANG_WARN_RANGE_LOOP_ANALYSIS = YES;
				CLANG_WARN_STRICT_PROTOTYPES = YES;
				CLANG_WARN_SUSPICIOUS_MOVE = YES;
				CLANG_WARN_UNGUARDED_AVAILABILITY = YES_AGGRESSIVE;
				CLANG_WARN_UNREACHABLE_CODE = YES;
				CLANG_WARN__DUPLICATE_METHOD_MATCH = YES;
				CODE_SIGN_IDENTITY = "iPhone Developer";
				COPY_PHASE_STRIP = NO;
				DEBUG_INFORMATION_FORMAT = dwarf;
				ENABLE_STRICT_OBJC_MSGSEND = YES;
				ENABLE_TESTABILITY = YES;
				GCC_C_LANGUAGE_STANDARD = gnu11;
				GCC_DYNAMIC_NO_PIC = NO;
				GCC_NO_COMMON_BLOCKS = YES;
				GCC_OPTIMIZATION_LEVEL = 0;
				GCC_PREPROCESSOR_DEFINITIONS = (
					"DEBUG=1",
					"$(inherited)",
				);
				GCC_WARN_64_TO_32_BIT_CONVERSION = YES;
				GCC_WARN_ABOUT_RETURN_TYPE = YES_ERROR;
				GCC_WARN_UNDECLARED_SELECTOR = YES;
				GCC_WARN_UNINITIALIZED_AUTOS = YES_AGGRESSIVE;
				GCC_WARN_UNUSED_FUNCTION = YES;
				GCC_WARN_UNUSED_VARIABLE = YES;
				IPHONEOS_DEPLOYMENT_TARGET = 11.2;
				MTL_ENABLE_DEBUG_INFO = YES;
				ONLY_ACTIVE_ARCH = YES;
				SDKROOT = iphoneos;
				SWIFT_ACTIVE_COMPILATION_CONDITIONS = DEBUG;
				SWIFT_OPTIMIZATION_LEVEL = "-Onone";
			};
			name = Debug;
		};
		72310D3E205E332C00D7CE4F /* Release */ = {
			isa = XCBuildConfiguration;
			buildSettings = {
				ALWAYS_SEARCH_USER_PATHS = NO;
				CLANG_ANALYZER_NONNULL = YES;
				CLANG_ANALYZER_NUMBER_OBJECT_CONVERSION = YES_AGGRESSIVE;
				CLANG_CXX_LANGUAGE_STANDARD = "gnu++14";
				CLANG_CXX_LIBRARY = "libc++";
				CLANG_ENABLE_MODULES = YES;
				CLANG_ENABLE_OBJC_ARC = YES;
				CLANG_WARN_BLOCK_CAPTURE_AUTORELEASING = YES;
				CLANG_WARN_BOOL_CONVERSION = YES;
				CLANG_WARN_COMMA = YES;
				CLANG_WARN_CONSTANT_CONVERSION = YES;
				CLANG_WARN_DIRECT_OBJC_ISA_USAGE = YES_ERROR;
				CLANG_WARN_DOCUMENTATION_COMMENTS = YES;
				CLANG_WARN_EMPTY_BODY = YES;
				CLANG_WARN_ENUM_CONVERSION = YES;
				CLANG_WARN_INFINITE_RECURSION = YES;
				CLANG_WARN_INT_CONVERSION = YES;
				CLANG_WARN_NON_LITERAL_NULL_CONVERSION = YES;
				CLANG_WARN_OBJC_LITERAL_CONVERSION = YES;
				CLANG_WARN_OBJC_ROOT_CLASS = YES_ERROR;
				CLANG_WARN_RANGE_LOOP_ANALYSIS = YES;
				CLANG_WARN_STRICT_PROTOTYPES = YES;
				CLANG_WARN_SUSPICIOUS_MOVE = YES;
				CLANG_WARN_UNGUARDED_AVAILABILITY = YES_AGGRESSIVE;
				CLANG_WARN_UNREACHABLE_CODE = YES;
				CLANG_WARN__DUPLICATE_METHOD_MATCH = YES;
				CODE_SIGN_IDENTITY = "iPhone Developer";
				COPY_PHASE_STRIP = NO;
				DEBUG_INFORMATION_FORMAT = "dwarf-with-dsym";
				ENABLE_NS_ASSERTIONS = NO;
				ENABLE_STRICT_OBJC_MSGSEND = YES;
				GCC_C_LANGUAGE_STANDARD = gnu11;
				GCC_NO_COMMON_BLOCKS = YES;
				GCC_WARN_64_TO_32_BIT_CONVERSION = YES;
				GCC_WARN_ABOUT_RETURN_TYPE = YES_ERROR;
				GCC_WARN_UNDECLARED_SELECTOR = YES;
				GCC_WARN_UNINITIALIZED_AUTOS = YES_AGGRESSIVE;
				GCC_WARN_UNUSED_FUNCTION = YES;
				GCC_WARN_UNUSED_VARIABLE = YES;
				IPHONEOS_DEPLOYMENT_TARGET = 11.2;
				MTL_ENABLE_DEBUG_INFO = NO;
				SDKROOT = iphoneos;
				SWIFT_OPTIMIZATION_LEVEL = "-Owholemodule";
				VALIDATE_PRODUCT = YES;
			};
			name = Release;
		};
		72310D40205E332C00D7CE4F /* Debug */ = {
			isa = XCBuildConfiguration;
			buildSettings = {
				ASSETCATALOG_COMPILER_APPICON_NAME = AppIcon;
				CODE_SIGN_STYLE = Automatic;
				DEVELOPMENT_TEAM = 6KFH9FAAHT;
				INFOPLIST_FILE = Concentration/Info.plist;
				LD_RUNPATH_SEARCH_PATHS = "$(inherited) @executable_path/Frameworks";
				PRODUCT_BUNDLE_IDENTIFIER = com.example.Concentration;
				PRODUCT_NAME = "$(TARGET_NAME)";
				SWIFT_VERSION = 4.0;
				TARGETED_DEVICE_FAMILY = "1,2";
			};
			name = Debug;
		};
		72310D41205E332C00D7CE4F /* Release */ = {
			isa = XCBuildConfiguration;
			buildSettings = {
				ASSETCATALOG_COMPILER_APPICON_NAME = AppIcon;
				CODE_SIGN_STYLE = Automatic;
				DEVELOPMENT_TEAM = 6KFH9FAAHT;
				INFOPLIST_FILE = Concentration/Info.plist;
				LD_RUNPATH_SEARCH_PATHS = "$(inherited) @executable_path/Frameworks";
				PRODUCT_BUNDLE_IDENTIFIER = com.example.Concentration;
				PRODUCT_NAME = "$(TARGET_NAME)";
				SWIFT_VERSION = 4.0;
				TARGETED_DEVICE_FAMILY = "1,2";
			};
			name = Release;
		};
/* End XCBuildConfiguration section */

/* Begin XCConfigurationList section */
		72310D28205E332C00D7CE4F /* Build configuration list for PBXProject "Concentration" */ = {
			isa = XCConfigurationList;
			buildConfigurations = (
				72310D3D205E332C00D7CE4F /* Debug */,
				72310D3E205E332C00D7CE4F /* Release */,
			);
			defaultConfigurationIsVisible = 0;
			defaultConfigurationName = Release;
		};
		72310D3F205E332C00D7CE4F /* Build configuration list for PBXNativeTarget "Concentration" */ = {
			isa = XCConfigurationList;
			buildConfigurations = (
				72310D40205E332C00D7CE4F /* Debug */,
				72310D41205E332C00D7CE4F /* Release */,
			);
			defaultConfigurationIsVisible = 0;
			defaultConfigurationName = Release;
		};
/* End XCConfigurationList section */
	};
	rootObject = 72310D25205E332C00D7CE4F /* Project object */;
}
